
Microsoft Visual Studio Solution File, Format Version 12.00
# Visual Studio Version 16
VisualStudioVersion = 16.0.30225.117
MinimumVisualStudioVersion = 10.0.40219.1
Project("{FAE04EC0-301F-11D3-BF4B-00C04F79EFBC}") = "AvatarInfoCollection", "AvatarInfoCollection.csproj", "{D12CF031-5574-4A61-A03F-667ACC8C9E87}"
EndProject
Global
	GlobalSection(SolutionConfigurationPlatforms) = preSolution
		Debug|Any CPU = Debug|Any CPU
		Release|Any CPU = Release|Any CPU
	EndGlobalSection
	GlobalSection(ProjectConfigurationPlatforms) = postSolution
		{D12CF031-5574-4A61-A03F-667ACC8C9E87}.Debug|Any CPU.ActiveCfg = Debug|Any CPU
		{D12CF031-5574-4A61-A03F-667ACC8C9E87}.Debug|Any CPU.Build.0 = Debug|Any CPU
		{D12CF031-5574-4A61-A03F-667ACC8C9E87}.Release|Any CPU.ActiveCfg = Release|Any CPU
		{D12CF031-5574-4A61-A03F-667ACC8C9E87}.Release|Any CPU.Build.0 = Release|Any CPU
	EndGlobalSection
	GlobalSection(SolutionProperties) = preSolution
		HideSolutionNode = FALSE
	EndGlobalSection
	GlobalSection(ExtensibilityGlobals) = postSolution
		SolutionGuid = {9934D1D4-C1C8-4990-9909-7CBEA90A1C59}
	EndGlobalSection
EndGlobal
